// !$*UTF8*$!
{
	archiveVersion = 1;
	classes = {
	};
	objectVersion = 56;
	objects = {

/* Begin PBXBuildFile section */
		483DA8AA2BAC36200057D9B2 /* DetailItemView.swift in Sources */ = {isa = PBXBuildFile; fileRef = 483DA8A92BAC36200057D9B2 /* DetailItemView.swift */; };
		483DA8AC2BAC66AD0057D9B2 /* CharacterDetailSection.swift in Sources */ = {isa = PBXBuildFile; fileRef = 483DA8AB2BAC66AD0057D9B2 /* CharacterDetailSection.swift */; };
		483DA8AE2BAC6BE40057D9B2 /* SearchBar.swift in Sources */ = {isa = PBXBuildFile; fileRef = 483DA8AD2BAC6BE40057D9B2 /* SearchBar.swift */; };
		483DA8B02BAC6F470057D9B2 /* MockJSONData.json in Resources */ = {isa = PBXBuildFile; fileRef = 483DA8AF2BAC6F470057D9B2 /* MockJSONData.json */; };
		483DA8B32BAC7AF40057D9B2 /* Constants.swift in Sources */ = {isa = PBXBuildFile; fileRef = 483DA8B22BAC7AF40057D9B2 /* Constants.swift */; };
		483DA8B62BAC97820057D9B2 /* NetworkServiceTests.swift in Sources */ = {isa = PBXBuildFile; fileRef = 483DA8B52BAC97820057D9B2 /* NetworkServiceTests.swift */; };
		483DA8B82BAC97CE0057D9B2 /* NetworkService.swift in Sources */ = {isa = PBXBuildFile; fileRef = 483DA8B72BAC97CE0057D9B2 /* NetworkService.swift */; };
		483DA8C02BADB20A0057D9B2 /* MockUserDefaults.swift in Sources */ = {isa = PBXBuildFile; fileRef = 483DA8BF2BADB20A0057D9B2 /* MockUserDefaults.swift */; };
		483DA8C22BADB2490057D9B2 /* FavoritesManagerTests.swift in Sources */ = {isa = PBXBuildFile; fileRef = 483DA8C12BADB2490057D9B2 /* FavoritesManagerTests.swift */; };
		483DA8C52BADB6B90057D9B2 /* MockCharacterRepository.swift in Sources */ = {isa = PBXBuildFile; fileRef = 483DA8C42BADB6B90057D9B2 /* MockCharacterRepository.swift */; };
		483DA8C72BADB7110057D9B2 /* MockFavoritesManager.swift in Sources */ = {isa = PBXBuildFile; fileRef = 483DA8C62BADB7110057D9B2 /* MockFavoritesManager.swift */; };
		483DA8C92BADB7540057D9B2 /* CharacterListViewModelTests.swift in Sources */ = {isa = PBXBuildFile; fileRef = 483DA8C82BADB7540057D9B2 /* CharacterListViewModelTests.swift */; };
		48AC52352BAB0ED9000C6566 /* Disney_Character_ExplorerApp.swift in Sources */ = {isa = PBXBuildFile; fileRef = 48AC52342BAB0ED9000C6566 /* Disney_Character_ExplorerApp.swift */; };
		48AC52392BAB0EDE000C6566 /* Assets.xcassets in Resources */ = {isa = PBXBuildFile; fileRef = 48AC52382BAB0EDE000C6566 /* Assets.xcassets */; };
		48AC523C2BAB0EDE000C6566 /* Preview Assets.xcassets in Resources */ = {isa = PBXBuildFile; fileRef = 48AC523B2BAB0EDE000C6566 /* Preview Assets.xcassets */; };
		48AC52502BAB0EDE000C6566 /* Disney_Character_ExplorerUITests.swift in Sources */ = {isa = PBXBuildFile; fileRef = 48AC524F2BAB0EDE000C6566 /* Disney_Character_ExplorerUITests.swift */; };
		48AC52522BAB0EDE000C6566 /* Disney_Character_ExplorerUITestsLaunchTests.swift in Sources */ = {isa = PBXBuildFile; fileRef = 48AC52512BAB0EDE000C6566 /* Disney_Character_ExplorerUITestsLaunchTests.swift */; };
		48AC52642BAB105C000C6566 /* NetworkService.swift in Sources */ = {isa = PBXBuildFile; fileRef = 48AC52632BAB105C000C6566 /* NetworkService.swift */; };
		48AC52662BAB1079000C6566 /* Endpoint.swift in Sources */ = {isa = PBXBuildFile; fileRef = 48AC52652BAB1079000C6566 /* Endpoint.swift */; };
		48AC52682BAB10A7000C6566 /* NetworkError.swift in Sources */ = {isa = PBXBuildFile; fileRef = 48AC52672BAB10A7000C6566 /* NetworkError.swift */; };
		48AC526A2BAB1105000C6566 /* Character.swift in Sources */ = {isa = PBXBuildFile; fileRef = 48AC52692BAB1105000C6566 /* Character.swift */; };
		48AC526C2BAB112A000C6566 /* CharactersResponse.swift in Sources */ = {isa = PBXBuildFile; fileRef = 48AC526B2BAB112A000C6566 /* CharactersResponse.swift */; };
		48AC526E2BAB1148000C6566 /* PageInfo.swift in Sources */ = {isa = PBXBuildFile; fileRef = 48AC526D2BAB1148000C6566 /* PageInfo.swift */; };
		48AC52702BAB12E9000C6566 /* CharacterRepository.swift in Sources */ = {isa = PBXBuildFile; fileRef = 48AC526F2BAB12E9000C6566 /* CharacterRepository.swift */; };
		48AC52722BAB1317000C6566 /* CharacterListViewModel.swift in Sources */ = {isa = PBXBuildFile; fileRef = 48AC52712BAB1316000C6566 /* CharacterListViewModel.swift */; };
		48AC52742BAB14B5000C6566 /* CharacterRowView.swift in Sources */ = {isa = PBXBuildFile; fileRef = 48AC52732BAB14B5000C6566 /* CharacterRowView.swift */; };
		48AC52762BAB14D4000C6566 /* CharacterListView.swift in Sources */ = {isa = PBXBuildFile; fileRef = 48AC52752BAB14D4000C6566 /* CharacterListView.swift */; };
		48AC52792BAB1C89000C6566 /* CharacterFavoritesView.swift in Sources */ = {isa = PBXBuildFile; fileRef = 48AC52782BAB1C88000C6566 /* CharacterFavoritesView.swift */; };
		48AC527B2BAB1EB6000C6566 /* CharacterDetailViewModel.swift in Sources */ = {isa = PBXBuildFile; fileRef = 48AC527A2BAB1EB6000C6566 /* CharacterDetailViewModel.swift */; };
		48AC527E2BAB217A000C6566 /* FavoritesManager.swift in Sources */ = {isa = PBXBuildFile; fileRef = 48AC527D2BAB217A000C6566 /* FavoritesManager.swift */; };
		48AC52802BAB225A000C6566 /* CharacterDetailView.swift in Sources */ = {isa = PBXBuildFile; fileRef = 48AC527F2BAB225A000C6566 /* CharacterDetailView.swift */; };
/* End PBXBuildFile section */

/* Begin PBXContainerItemProxy section */
		48AC52422BAB0EDE000C6566 /* PBXContainerItemProxy */ = {
			isa = PBXContainerItemProxy;
			containerPortal = 48AC52292BAB0ED9000C6566 /* Project object */;
			proxyType = 1;
			remoteGlobalIDString = 48AC52302BAB0ED9000C6566;
			remoteInfo = "Disney Character Explorer";
		};
		48AC524C2BAB0EDE000C6566 /* PBXContainerItemProxy */ = {
			isa = PBXContainerItemProxy;
			containerPortal = 48AC52292BAB0ED9000C6566 /* Project object */;
			proxyType = 1;
			remoteGlobalIDString = 48AC52302BAB0ED9000C6566;
			remoteInfo = "Disney Character Explorer";
		};
/* End PBXContainerItemProxy section */

/* Begin PBXFileReference section */
		483DA8A92BAC36200057D9B2 /* DetailItemView.swift */ = {isa = PBXFileReference; lastKnownFileType = sourcecode.swift; path = DetailItemView.swift; sourceTree = "<group>"; };
		483DA8AB2BAC66AD0057D9B2 /* CharacterDetailSection.swift */ = {isa = PBXFileReference; lastKnownFileType = sourcecode.swift; path = CharacterDetailSection.swift; sourceTree = "<group>"; };
		483DA8AD2BAC6BE40057D9B2 /* SearchBar.swift */ = {isa = PBXFileReference; lastKnownFileType = sourcecode.swift; path = SearchBar.swift; sourceTree = "<group>"; };
		483DA8AF2BAC6F470057D9B2 /* MockJSONData.json */ = {isa = PBXFileReference; lastKnownFileType = text.json; path = MockJSONData.json; sourceTree = "<group>"; };
		483DA8B22BAC7AF40057D9B2 /* Constants.swift */ = {isa = PBXFileReference; lastKnownFileType = sourcecode.swift; path = Constants.swift; sourceTree = "<group>"; };
		483DA8B52BAC97820057D9B2 /* NetworkServiceTests.swift */ = {isa = PBXFileReference; lastKnownFileType = sourcecode.swift; path = NetworkServiceTests.swift; sourceTree = "<group>"; };
		483DA8B72BAC97CE0057D9B2 /* NetworkService.swift */ = {isa = PBXFileReference; lastKnownFileType = sourcecode.swift; path = NetworkService.swift; sourceTree = "<group>"; };
		483DA8BF2BADB20A0057D9B2 /* MockUserDefaults.swift */ = {isa = PBXFileReference; lastKnownFileType = sourcecode.swift; path = MockUserDefaults.swift; sourceTree = "<group>"; };
		483DA8C12BADB2490057D9B2 /* FavoritesManagerTests.swift */ = {isa = PBXFileReference; lastKnownFileType = sourcecode.swift; path = FavoritesManagerTests.swift; sourceTree = "<group>"; };
		483DA8C42BADB6B90057D9B2 /* MockCharacterRepository.swift */ = {isa = PBXFileReference; lastKnownFileType = sourcecode.swift; path = MockCharacterRepository.swift; sourceTree = "<group>"; };
		483DA8C62BADB7110057D9B2 /* MockFavoritesManager.swift */ = {isa = PBXFileReference; lastKnownFileType = sourcecode.swift; path = MockFavoritesManager.swift; sourceTree = "<group>"; };
		483DA8C82BADB7540057D9B2 /* CharacterListViewModelTests.swift */ = {isa = PBXFileReference; lastKnownFileType = sourcecode.swift; path = CharacterListViewModelTests.swift; sourceTree = "<group>"; };
		48AC52312BAB0ED9000C6566 /* Disney Character Explorer.app */ = {isa = PBXFileReference; explicitFileType = wrapper.application; includeInIndex = 0; path = "Disney Character Explorer.app"; sourceTree = BUILT_PRODUCTS_DIR; };
		48AC52342BAB0ED9000C6566 /* Disney_Character_ExplorerApp.swift */ = {isa = PBXFileReference; lastKnownFileType = sourcecode.swift; path = Disney_Character_ExplorerApp.swift; sourceTree = "<group>"; };
		48AC52382BAB0EDE000C6566 /* Assets.xcassets */ = {isa = PBXFileReference; lastKnownFileType = folder.assetcatalog; path = Assets.xcassets; sourceTree = "<group>"; };
		48AC523B2BAB0EDE000C6566 /* Preview Assets.xcassets */ = {isa = PBXFileReference; lastKnownFileType = folder.assetcatalog; path = "Preview Assets.xcassets"; sourceTree = "<group>"; };
		48AC52412BAB0EDE000C6566 /* Disney Character ExplorerTests.xctest */ = {isa = PBXFileReference; explicitFileType = wrapper.cfbundle; includeInIndex = 0; path = "Disney Character ExplorerTests.xctest"; sourceTree = BUILT_PRODUCTS_DIR; };
		48AC524B2BAB0EDE000C6566 /* Disney Character ExplorerUITests.xctest */ = {isa = PBXFileReference; explicitFileType = wrapper.cfbundle; includeInIndex = 0; path = "Disney Character ExplorerUITests.xctest"; sourceTree = BUILT_PRODUCTS_DIR; };
		48AC524F2BAB0EDE000C6566 /* Disney_Character_ExplorerUITests.swift */ = {isa = PBXFileReference; lastKnownFileType = sourcecode.swift; path = Disney_Character_ExplorerUITests.swift; sourceTree = "<group>"; };
		48AC52512BAB0EDE000C6566 /* Disney_Character_ExplorerUITestsLaunchTests.swift */ = {isa = PBXFileReference; lastKnownFileType = sourcecode.swift; path = Disney_Character_ExplorerUITestsLaunchTests.swift; sourceTree = "<group>"; };
		48AC52632BAB105C000C6566 /* NetworkService.swift */ = {isa = PBXFileReference; lastKnownFileType = sourcecode.swift; path = NetworkService.swift; sourceTree = "<group>"; };
		48AC52652BAB1079000C6566 /* Endpoint.swift */ = {isa = PBXFileReference; lastKnownFileType = sourcecode.swift; path = Endpoint.swift; sourceTree = "<group>"; };
		48AC52672BAB10A7000C6566 /* NetworkError.swift */ = {isa = PBXFileReference; lastKnownFileType = sourcecode.swift; path = NetworkError.swift; sourceTree = "<group>"; };
		48AC52692BAB1105000C6566 /* Character.swift */ = {isa = PBXFileReference; lastKnownFileType = sourcecode.swift; path = Character.swift; sourceTree = "<group>"; };
		48AC526B2BAB112A000C6566 /* CharactersResponse.swift */ = {isa = PBXFileReference; lastKnownFileType = sourcecode.swift; path = CharactersResponse.swift; sourceTree = "<group>"; };
		48AC526D2BAB1148000C6566 /* PageInfo.swift */ = {isa = PBXFileReference; lastKnownFileType = sourcecode.swift; path = PageInfo.swift; sourceTree = "<group>"; };
		48AC526F2BAB12E9000C6566 /* CharacterRepository.swift */ = {isa = PBXFileReference; lastKnownFileType = sourcecode.swift; path = CharacterRepository.swift; sourceTree = "<group>"; };
		48AC52712BAB1316000C6566 /* CharacterListViewModel.swift */ = {isa = PBXFileReference; lastKnownFileType = sourcecode.swift; path = CharacterListViewModel.swift; sourceTree = "<group>"; };
		48AC52732BAB14B5000C6566 /* CharacterRowView.swift */ = {isa = PBXFileReference; lastKnownFileType = sourcecode.swift; path = CharacterRowView.swift; sourceTree = "<group>"; };
		48AC52752BAB14D4000C6566 /* CharacterListView.swift */ = {isa = PBXFileReference; lastKnownFileType = sourcecode.swift; path = CharacterListView.swift; sourceTree = "<group>"; };
		48AC52782BAB1C88000C6566 /* CharacterFavoritesView.swift */ = {isa = PBXFileReference; lastKnownFileType = sourcecode.swift; path = CharacterFavoritesView.swift; sourceTree = "<group>"; };
		48AC527A2BAB1EB6000C6566 /* CharacterDetailViewModel.swift */ = {isa = PBXFileReference; lastKnownFileType = sourcecode.swift; path = CharacterDetailViewModel.swift; sourceTree = "<group>"; };
		48AC527D2BAB217A000C6566 /* FavoritesManager.swift */ = {isa = PBXFileReference; lastKnownFileType = sourcecode.swift; path = FavoritesManager.swift; sourceTree = "<group>"; };
		48AC527F2BAB225A000C6566 /* CharacterDetailView.swift */ = {isa = PBXFileReference; lastKnownFileType = sourcecode.swift; path = CharacterDetailView.swift; sourceTree = "<group>"; };
/* End PBXFileReference section */

/* Begin PBXFrameworksBuildPhase section */
		48AC522E2BAB0ED9000C6566 /* Frameworks */ = {
			isa = PBXFrameworksBuildPhase;
			buildActionMask = 2147483647;
			files = (
			);
			runOnlyForDeploymentPostprocessing = 0;
		};
		48AC523E2BAB0EDE000C6566 /* Frameworks */ = {
			isa = PBXFrameworksBuildPhase;
			buildActionMask = 2147483647;
			files = (
			);
			runOnlyForDeploymentPostprocessing = 0;
		};
		48AC52482BAB0EDE000C6566 /* Frameworks */ = {
			isa = PBXFrameworksBuildPhase;
			buildActionMask = 2147483647;
			files = (
			);
			runOnlyForDeploymentPostprocessing = 0;
		};
/* End PBXFrameworksBuildPhase section */

/* Begin PBXGroup section */
		483DA8B12BAC7A6A0057D9B2 /* Constants */ = {
			isa = PBXGroup;
			children = (
				483DA8B22BAC7AF40057D9B2 /* Constants.swift */,
			);
			path = Constants;
			sourceTree = "<group>";
		};
		483DA8B42BAC97620057D9B2 /* NetworkingTests */ = {
			isa = PBXGroup;
			children = (
				483DA8B52BAC97820057D9B2 /* NetworkServiceTests.swift */,
				483DA8B72BAC97CE0057D9B2 /* NetworkService.swift */,
			);
			path = NetworkingTests;
			sourceTree = "<group>";
		};
		483DA8BE2BADB1E20057D9B2 /* FavoritesManagerTests */ = {
			isa = PBXGroup;
			children = (
				483DA8BF2BADB20A0057D9B2 /* MockUserDefaults.swift */,
				483DA8C62BADB7110057D9B2 /* MockFavoritesManager.swift */,
				483DA8C12BADB2490057D9B2 /* FavoritesManagerTests.swift */,
			);
			path = FavoritesManagerTests;
			sourceTree = "<group>";
		};
		483DA8C32BADB69B0057D9B2 /* CharacterListVMTests */ = {
			isa = PBXGroup;
			children = (
				483DA8C42BADB6B90057D9B2 /* MockCharacterRepository.swift */,
				483DA8C82BADB7540057D9B2 /* CharacterListViewModelTests.swift */,
			);
			path = CharacterListVMTests;
			sourceTree = "<group>";
		};
		48AC52282BAB0ED9000C6566 = {
			isa = PBXGroup;
			children = (
				48AC52332BAB0ED9000C6566 /* Disney Character Explorer */,
				48AC52442BAB0EDE000C6566 /* Disney Character ExplorerTests */,
				48AC524E2BAB0EDE000C6566 /* Disney Character ExplorerUITests */,
				48AC52322BAB0ED9000C6566 /* Products */,
			);
			sourceTree = "<group>";
		};
		48AC52322BAB0ED9000C6566 /* Products */ = {
			isa = PBXGroup;
			children = (
				48AC52312BAB0ED9000C6566 /* Disney Character Explorer.app */,
				48AC52412BAB0EDE000C6566 /* Disney Character ExplorerTests.xctest */,
				48AC524B2BAB0EDE000C6566 /* Disney Character ExplorerUITests.xctest */,
			);
			name = Products;
			sourceTree = "<group>";
		};
		48AC52332BAB0ED9000C6566 /* Disney Character Explorer */ = {
			isa = PBXGroup;
			children = (
				48AC52772BAB1507000C6566 /* Application */,
				48AC527C2BAB2094000C6566 /* Persistence */,
				48AC52622BAB0F3E000C6566 /* Repositories */,
				48AC525E2BAB0F0E000C6566 /* Networking */,
				48AC525F2BAB0F17000C6566 /* Models */,
				48AC52602BAB0F24000C6566 /* Views */,
				48AC52612BAB0F32000C6566 /* ViewModels */,
				483DA8B12BAC7A6A0057D9B2 /* Constants */,
				48AC52382BAB0EDE000C6566 /* Assets.xcassets */,
				48AC523A2BAB0EDE000C6566 /* Preview Content */,
			);
			path = "Disney Character Explorer";
			sourceTree = "<group>";
		};
		48AC523A2BAB0EDE000C6566 /* Preview Content */ = {
			isa = PBXGroup;
			children = (
				48AC523B2BAB0EDE000C6566 /* Preview Assets.xcassets */,
			);
			path = "Preview Content";
			sourceTree = "<group>";
		};
		48AC52442BAB0EDE000C6566 /* Disney Character ExplorerTests */ = {
			isa = PBXGroup;
			children = (
				483DA8C32BADB69B0057D9B2 /* CharacterListVMTests */,
				483DA8BE2BADB1E20057D9B2 /* FavoritesManagerTests */,
				483DA8B42BAC97620057D9B2 /* NetworkingTests */,
				483DA8AF2BAC6F470057D9B2 /* MockJSONData.json */,
			);
			path = "Disney Character ExplorerTests";
			sourceTree = "<group>";
		};
		48AC524E2BAB0EDE000C6566 /* Disney Character ExplorerUITests */ = {
			isa = PBXGroup;
			children = (
				48AC524F2BAB0EDE000C6566 /* Disney_Character_ExplorerUITests.swift */,
				48AC52512BAB0EDE000C6566 /* Disney_Character_ExplorerUITestsLaunchTests.swift */,
			);
			path = "Disney Character ExplorerUITests";
			sourceTree = "<group>";
		};
		48AC525E2BAB0F0E000C6566 /* Networking */ = {
			isa = PBXGroup;
			children = (
				48AC52632BAB105C000C6566 /* NetworkService.swift */,
				48AC52652BAB1079000C6566 /* Endpoint.swift */,
				48AC52672BAB10A7000C6566 /* NetworkError.swift */,
			);
			path = Networking;
			sourceTree = "<group>";
		};
		48AC525F2BAB0F17000C6566 /* Models */ = {
			isa = PBXGroup;
			children = (
				48AC526B2BAB112A000C6566 /* CharactersResponse.swift */,
				48AC526D2BAB1148000C6566 /* PageInfo.swift */,
				48AC52692BAB1105000C6566 /* Character.swift */,
			);
			path = Models;
			sourceTree = "<group>";
		};
		48AC52602BAB0F24000C6566 /* Views */ = {
			isa = PBXGroup;
			children = (
				48AC52752BAB14D4000C6566 /* CharacterListView.swift */,
				48AC527F2BAB225A000C6566 /* CharacterDetailView.swift */,
				48AC52812BAB4B03000C6566 /* UIComponents */,
			);
			path = Views;
			sourceTree = "<group>";
		};
		48AC52612BAB0F32000C6566 /* ViewModels */ = {
			isa = PBXGroup;
			children = (
				48AC52712BAB1316000C6566 /* CharacterListViewModel.swift */,
				48AC527A2BAB1EB6000C6566 /* CharacterDetailViewModel.swift */,
			);
			path = ViewModels;
			sourceTree = "<group>";
		};
		48AC52622BAB0F3E000C6566 /* Repositories */ = {
			isa = PBXGroup;
			children = (
				48AC526F2BAB12E9000C6566 /* CharacterRepository.swift */,
			);
			path = Repositories;
			sourceTree = "<group>";
		};
		48AC52772BAB1507000C6566 /* Application */ = {
			isa = PBXGroup;
			children = (
				48AC52342BAB0ED9000C6566 /* Disney_Character_ExplorerApp.swift */,
			);
			path = Application;
			sourceTree = "<group>";
		};
		48AC527C2BAB2094000C6566 /* Persistence */ = {
			isa = PBXGroup;
			children = (
				48AC527D2BAB217A000C6566 /* FavoritesManager.swift */,
			);
			path = Persistence;
			sourceTree = "<group>";
		};
		48AC52812BAB4B03000C6566 /* UIComponents */ = {
			isa = PBXGroup;
			children = (
				48AC52782BAB1C88000C6566 /* CharacterFavoritesView.swift */,
				48AC52732BAB14B5000C6566 /* CharacterRowView.swift */,
				483DA8AB2BAC66AD0057D9B2 /* CharacterDetailSection.swift */,
				483DA8A92BAC36200057D9B2 /* DetailItemView.swift */,
				483DA8AD2BAC6BE40057D9B2 /* SearchBar.swift */,
			);
			path = UIComponents;
			sourceTree = "<group>";
		};
/* End PBXGroup section */

/* Begin PBXNativeTarget section */
		48AC52302BAB0ED9000C6566 /* Disney Character Explorer */ = {
			isa = PBXNativeTarget;
			buildConfigurationList = 48AC52552BAB0EDE000C6566 /* Build configuration list for PBXNativeTarget "Disney Character Explorer" */;
			buildPhases = (
				48AC522D2BAB0ED9000C6566 /* Sources */,
				48AC522E2BAB0ED9000C6566 /* Frameworks */,
				48AC522F2BAB0ED9000C6566 /* Resources */,
			);
			buildRules = (
			);
			dependencies = (
			);
			name = "Disney Character Explorer";
			productName = "Disney Character Explorer";
			productReference = 48AC52312BAB0ED9000C6566 /* Disney Character Explorer.app */;
			productType = "com.apple.product-type.application";
		};
		48AC52402BAB0EDE000C6566 /* Disney Character ExplorerTests */ = {
			isa = PBXNativeTarget;
			buildConfigurationList = 48AC52582BAB0EDE000C6566 /* Build configuration list for PBXNativeTarget "Disney Character ExplorerTests" */;
			buildPhases = (
				48AC523D2BAB0EDE000C6566 /* Sources */,
				48AC523E2BAB0EDE000C6566 /* Frameworks */,
				48AC523F2BAB0EDE000C6566 /* Resources */,
			);
			buildRules = (
			);
			dependencies = (
				48AC52432BAB0EDE000C6566 /* PBXTargetDependency */,
			);
			name = "Disney Character ExplorerTests";
			productName = "Disney Character ExplorerTests";
			productReference = 48AC52412BAB0EDE000C6566 /* Disney Character ExplorerTests.xctest */;
			productType = "com.apple.product-type.bundle.unit-test";
		};
		48AC524A2BAB0EDE000C6566 /* Disney Character ExplorerUITests */ = {
			isa = PBXNativeTarget;
			buildConfigurationList = 48AC525B2BAB0EDE000C6566 /* Build configuration list for PBXNativeTarget "Disney Character ExplorerUITests" */;
			buildPhases = (
				48AC52472BAB0EDE000C6566 /* Sources */,
				48AC52482BAB0EDE000C6566 /* Frameworks */,
				48AC52492BAB0EDE000C6566 /* Resources */,
			);
			buildRules = (
			);
			dependencies = (
				48AC524D2BAB0EDE000C6566 /* PBXTargetDependency */,
			);
			name = "Disney Character ExplorerUITests";
			productName = "Disney Character ExplorerUITests";
			productReference = 48AC524B2BAB0EDE000C6566 /* Disney Character ExplorerUITests.xctest */;
			productType = "com.apple.product-type.bundle.ui-testing";
		};
/* End PBXNativeTarget section */

/* Begin PBXProject section */
		48AC52292BAB0ED9000C6566 /* Project object */ = {
			isa = PBXProject;
			attributes = {
				BuildIndependentTargetsInParallel = 1;
				LastSwiftUpdateCheck = 1510;
				LastUpgradeCheck = 1510;
				TargetAttributes = {
					48AC52302BAB0ED9000C6566 = {
						CreatedOnToolsVersion = 15.1;
					};
					48AC52402BAB0EDE000C6566 = {
						CreatedOnToolsVersion = 15.1;
						TestTargetID = 48AC52302BAB0ED9000C6566;
					};
					48AC524A2BAB0EDE000C6566 = {
						CreatedOnToolsVersion = 15.1;
						TestTargetID = 48AC52302BAB0ED9000C6566;
					};
				};
			};
			buildConfigurationList = 48AC522C2BAB0ED9000C6566 /* Build configuration list for PBXProject "Disney Character Explorer" */;
			compatibilityVersion = "Xcode 14.0";
			developmentRegion = en;
			hasScannedForEncodings = 0;
			knownRegions = (
				en,
				Base,
			);
			mainGroup = 48AC52282BAB0ED9000C6566;
			productRefGroup = 48AC52322BAB0ED9000C6566 /* Products */;
			projectDirPath = "";
			projectRoot = "";
			targets = (
				48AC52302BAB0ED9000C6566 /* Disney Character Explorer */,
				48AC52402BAB0EDE000C6566 /* Disney Character ExplorerTests */,
				48AC524A2BAB0EDE000C6566 /* Disney Character ExplorerUITests */,
			);
		};
/* End PBXProject section */

/* Begin PBXResourcesBuildPhase section */
		48AC522F2BAB0ED9000C6566 /* Resources */ = {
			isa = PBXResourcesBuildPhase;
			buildActionMask = 2147483647;
			files = (
				48AC523C2BAB0EDE000C6566 /* Preview Assets.xcassets in Resources */,
				48AC52392BAB0EDE000C6566 /* Assets.xcassets in Resources */,
			);
			runOnlyForDeploymentPostprocessing = 0;
		};
		48AC523F2BAB0EDE000C6566 /* Resources */ = {
			isa = PBXResourcesBuildPhase;
			buildActionMask = 2147483647;
			files = (
				483DA8B02BAC6F470057D9B2 /* MockJSONData.json in Resources */,
			);
			runOnlyForDeploymentPostprocessing = 0;
		};
		48AC52492BAB0EDE000C6566 /* Resources */ = {
			isa = PBXResourcesBuildPhase;
			buildActionMask = 2147483647;
			files = (
			);
			runOnlyForDeploymentPostprocessing = 0;
		};
/* End PBXResourcesBuildPhase section */

/* Begin PBXSourcesBuildPhase section */
		48AC522D2BAB0ED9000C6566 /* Sources */ = {
			isa = PBXSourcesBuildPhase;
			buildActionMask = 2147483647;
			files = (
				48AC52742BAB14B5000C6566 /* CharacterRowView.swift in Sources */,
				483DA8B32BAC7AF40057D9B2 /* Constants.swift in Sources */,
				48AC52642BAB105C000C6566 /* NetworkService.swift in Sources */,
				48AC52702BAB12E9000C6566 /* CharacterRepository.swift in Sources */,
				48AC527E2BAB217A000C6566 /* FavoritesManager.swift in Sources */,
				48AC526E2BAB1148000C6566 /* PageInfo.swift in Sources */,
				483DA8AE2BAC6BE40057D9B2 /* SearchBar.swift in Sources */,
				48AC52662BAB1079000C6566 /* Endpoint.swift in Sources */,
				48AC52762BAB14D4000C6566 /* CharacterListView.swift in Sources */,
				48AC526A2BAB1105000C6566 /* Character.swift in Sources */,
				48AC52352BAB0ED9000C6566 /* Disney_Character_ExplorerApp.swift in Sources */,
				48AC526C2BAB112A000C6566 /* CharactersResponse.swift in Sources */,
				48AC52722BAB1317000C6566 /* CharacterListViewModel.swift in Sources */,
				48AC52792BAB1C89000C6566 /* CharacterFavoritesView.swift in Sources */,
				483DA8AA2BAC36200057D9B2 /* DetailItemView.swift in Sources */,
				48AC52802BAB225A000C6566 /* CharacterDetailView.swift in Sources */,
				483DA8AC2BAC66AD0057D9B2 /* CharacterDetailSection.swift in Sources */,
				48AC527B2BAB1EB6000C6566 /* CharacterDetailViewModel.swift in Sources */,
				48AC52682BAB10A7000C6566 /* NetworkError.swift in Sources */,
			);
			runOnlyForDeploymentPostprocessing = 0;
		};
		48AC523D2BAB0EDE000C6566 /* Sources */ = {
			isa = PBXSourcesBuildPhase;
			buildActionMask = 2147483647;
			files = (
				483DA8C52BADB6B90057D9B2 /* MockCharacterRepository.swift in Sources */,
				483DA8B62BAC97820057D9B2 /* NetworkServiceTests.swift in Sources */,
				483DA8B82BAC97CE0057D9B2 /* NetworkService.swift in Sources */,
				483DA8C92BADB7540057D9B2 /* CharacterListViewModelTests.swift in Sources */,
				483DA8C72BADB7110057D9B2 /* MockFavoritesManager.swift in Sources */,
				483DA8C02BADB20A0057D9B2 /* MockUserDefaults.swift in Sources */,
				483DA8C22BADB2490057D9B2 /* FavoritesManagerTests.swift in Sources */,
			);
			runOnlyForDeploymentPostprocessing = 0;
		};
		48AC52472BAB0EDE000C6566 /* Sources */ = {
			isa = PBXSourcesBuildPhase;
			buildActionMask = 2147483647;
			files = (
				48AC52502BAB0EDE000C6566 /* Disney_Character_ExplorerUITests.swift in Sources */,
				48AC52522BAB0EDE000C6566 /* Disney_Character_ExplorerUITestsLaunchTests.swift in Sources */,
			);
			runOnlyForDeploymentPostprocessing = 0;
		};
/* End PBXSourcesBuildPhase section */

/* Begin PBXTargetDependency section */
		48AC52432BAB0EDE000C6566 /* PBXTargetDependency */ = {
			isa = PBXTargetDependency;
			target = 48AC52302BAB0ED9000C6566 /* Disney Character Explorer */;
			targetProxy = 48AC52422BAB0EDE000C6566 /* PBXContainerItemProxy */;
		};
		48AC524D2BAB0EDE000C6566 /* PBXTargetDependency */ = {
			isa = PBXTargetDependency;
			target = 48AC52302BAB0ED9000C6566 /* Disney Character Explorer */;
			targetProxy = 48AC524C2BAB0EDE000C6566 /* PBXContainerItemProxy */;
		};
/* End PBXTargetDependency section */

/* Begin XCBuildConfiguration section */
		48AC52532BAB0EDE000C6566 /* Debug */ = {
			isa = XCBuildConfiguration;
			buildSettings = {
				ALWAYS_SEARCH_USER_PATHS = NO;
				ASSETCATALOG_COMPILER_GENERATE_SWIFT_ASSET_SYMBOL_EXTENSIONS = YES;
				CLANG_ANALYZER_NONNULL = YES;
				CLANG_ANALYZER_NUMBER_OBJECT_CONVERSION = YES_AGGRESSIVE;
				CLANG_CXX_LANGUAGE_STANDARD = "gnu++20";
				CLANG_ENABLE_MODULES = YES;
				CLANG_ENABLE_OBJC_ARC = YES;
				CLANG_ENABLE_OBJC_WEAK = YES;
				CLANG_WARN_BLOCK_CAPTURE_AUTORELEASING = YES;
				CLANG_WARN_BOOL_CONVERSION = YES;
				CLANG_WARN_COMMA = YES;
				CLANG_WARN_CONSTANT_CONVERSION = YES;
				CLANG_WARN_DEPRECATED_OBJC_IMPLEMENTATIONS = YES;
				CLANG_WARN_DIRECT_OBJC_ISA_USAGE = YES_ERROR;
				CLANG_WARN_DOCUMENTATION_COMMENTS = YES;
				CLANG_WARN_EMPTY_BODY = YES;
				CLANG_WARN_ENUM_CONVERSION = YES;
				CLANG_WARN_INFINITE_RECURSION = YES;
				CLANG_WARN_INT_CONVERSION = YES;
				CLANG_WARN_NON_LITERAL_NULL_CONVERSION = YES;
				CLANG_WARN_OBJC_IMPLICIT_RETAIN_SELF = YES;
				CLANG_WARN_OBJC_LITERAL_CONVERSION = YES;
				CLANG_WARN_OBJC_ROOT_CLASS = YES_ERROR;
				CLANG_WARN_QUOTED_INCLUDE_IN_FRAMEWORK_HEADER = YES;
				CLANG_WARN_RANGE_LOOP_ANALYSIS = YES;
				CLANG_WARN_STRICT_PROTOTYPES = YES;
				CLANG_WARN_SUSPICIOUS_MOVE = YES;
				CLANG_WARN_UNGUARDED_AVAILABILITY = YES_AGGRESSIVE;
				CLANG_WARN_UNREACHABLE_CODE = YES;
				CLANG_WARN__DUPLICATE_METHOD_MATCH = YES;
				COPY_PHASE_STRIP = NO;
				DEBUG_INFORMATION_FORMAT = dwarf;
				ENABLE_STRICT_OBJC_MSGSEND = YES;
				ENABLE_TESTABILITY = YES;
				ENABLE_USER_SCRIPT_SANDBOXING = YES;
				GCC_C_LANGUAGE_STANDARD = gnu17;
				GCC_DYNAMIC_NO_PIC = NO;
				GCC_NO_COMMON_BLOCKS = YES;
				GCC_OPTIMIZATION_LEVEL = 0;
				GCC_PREPROCESSOR_DEFINITIONS = (
					"DEBUG=1",
					"$(inherited)",
				);
				GCC_WARN_64_TO_32_BIT_CONVERSION = YES;
				GCC_WARN_ABOUT_RETURN_TYPE = YES_ERROR;
				GCC_WARN_UNDECLARED_SELECTOR = YES;
				GCC_WARN_UNINITIALIZED_AUTOS = YES_AGGRESSIVE;
				GCC_WARN_UNUSED_FUNCTION = YES;
				GCC_WARN_UNUSED_VARIABLE = YES;
				IPHONEOS_DEPLOYMENT_TARGET = 16.0;
				LOCALIZATION_PREFERS_STRING_CATALOGS = YES;
				MTL_ENABLE_DEBUG_INFO = INCLUDE_SOURCE;
				MTL_FAST_MATH = YES;
				ONLY_ACTIVE_ARCH = YES;
				SDKROOT = iphoneos;
				SWIFT_ACTIVE_COMPILATION_CONDITIONS = "DEBUG $(inherited)";
				SWIFT_OPTIMIZATION_LEVEL = "-Onone";
			};
			name = Debug;
		};
		48AC52542BAB0EDE000C6566 /* Release */ = {
			isa = XCBuildConfiguration;
			buildSettings = {
				ALWAYS_SEARCH_USER_PATHS = NO;
				ASSETCATALOG_COMPILER_GENERATE_SWIFT_ASSET_SYMBOL_EXTENSIONS = YES;
				CLANG_ANALYZER_NONNULL = YES;
				CLANG_ANALYZER_NUMBER_OBJECT_CONVERSION = YES_AGGRESSIVE;
				CLANG_CXX_LANGUAGE_STANDARD = "gnu++20";
				CLANG_ENABLE_MODULES = YES;
				CLANG_ENABLE_OBJC_ARC = YES;
				CLANG_ENABLE_OBJC_WEAK = YES;
				CLANG_WARN_BLOCK_CAPTURE_AUTORELEASING = YES;
				CLANG_WARN_BOOL_CONVERSION = YES;
				CLANG_WARN_COMMA = YES;
				CLANG_WARN_CONSTANT_CONVERSION = YES;
				CLANG_WARN_DEPRECATED_OBJC_IMPLEMENTATIONS = YES;
				CLANG_WARN_DIRECT_OBJC_ISA_USAGE = YES_ERROR;
				CLANG_WARN_DOCUMENTATION_COMMENTS = YES;
				CLANG_WARN_EMPTY_BODY = YES;
				CLANG_WARN_ENUM_CONVERSION = YES;
				CLANG_WARN_INFINITE_RECURSION = YES;
				CLANG_WARN_INT_CONVERSION = YES;
				CLANG_WARN_NON_LITERAL_NULL_CONVERSION = YES;
				CLANG_WARN_OBJC_IMPLICIT_RETAIN_SELF = YES;
				CLANG_WARN_OBJC_LITERAL_CONVERSION = YES;
				CLANG_WARN_OBJC_ROOT_CLASS = YES_ERROR;
				CLANG_WARN_QUOTED_INCLUDE_IN_FRAMEWORK_HEADER = YES;
				CLANG_WARN_RANGE_LOOP_ANALYSIS = YES;
				CLANG_WARN_STRICT_PROTOTYPES = YES;
				CLANG_WARN_SUSPICIOUS_MOVE = YES;
				CLANG_WARN_UNGUARDED_AVAILABILITY = YES_AGGRESSIVE;
				CLANG_WARN_UNREACHABLE_CODE = YES;
				CLANG_WARN__DUPLICATE_METHOD_MATCH = YES;
				COPY_PHASE_STRIP = NO;
				DEBUG_INFORMATION_FORMAT = "dwarf-with-dsym";
				ENABLE_NS_ASSERTIONS = NO;
				ENABLE_STRICT_OBJC_MSGSEND = YES;
				ENABLE_USER_SCRIPT_SANDBOXING = YES;
				GCC_C_LANGUAGE_STANDARD = gnu17;
				GCC_NO_COMMON_BLOCKS = YES;
				GCC_WARN_64_TO_32_BIT_CONVERSION = YES;
				GCC_WARN_ABOUT_RETURN_TYPE = YES_ERROR;
				GCC_WARN_UNDECLARED_SELECTOR = YES;
				GCC_WARN_UNINITIALIZED_AUTOS = YES_AGGRESSIVE;
				GCC_WARN_UNUSED_FUNCTION = YES;
				GCC_WARN_UNUSED_VARIABLE = YES;
				IPHONEOS_DEPLOYMENT_TARGET = 16.0;
				LOCALIZATION_PREFERS_STRING_CATALOGS = YES;
				MTL_ENABLE_DEBUG_INFO = NO;
				MTL_FAST_MATH = YES;
				SDKROOT = iphoneos;
				SWIFT_COMPILATION_MODE = wholemodule;
				VALIDATE_PRODUCT = YES;
			};
			name = Release;
		};
		48AC52562BAB0EDE000C6566 /* Debug */ = {
			isa = XCBuildConfiguration;
			buildSettings = {
				ASSETCATALOG_COMPILER_APPICON_NAME = AppIcon;
				ASSETCATALOG_COMPILER_GLOBAL_ACCENT_COLOR_NAME = AccentColor;
				CODE_SIGN_STYLE = Automatic;
				CURRENT_PROJECT_VERSION = 1;
				DEVELOPMENT_ASSET_PATHS = "\"Disney Character Explorer/Preview Content\"";
				DEVELOPMENT_TEAM = L28FYLS585;
				ENABLE_PREVIEWS = YES;
				GENERATE_INFOPLIST_FILE = YES;
				INFOPLIST_KEY_UIApplicationSceneManifest_Generation = YES;
				INFOPLIST_KEY_UIApplicationSupportsIndirectInputEvents = YES;
				INFOPLIST_KEY_UILaunchScreen_Generation = YES;
				INFOPLIST_KEY_UISupportedInterfaceOrientations_iPad = "UIInterfaceOrientationPortrait UIInterfaceOrientationPortraitUpsideDown UIInterfaceOrientationLandscapeLeft UIInterfaceOrientationLandscapeRight";
				INFOPLIST_KEY_UISupportedInterfaceOrientations_iPhone = "UIInterfaceOrientationPortrait UIInterfaceOrientationLandscapeLeft UIInterfaceOrientationLandscapeRight";
				LD_RUNPATH_SEARCH_PATHS = (
					"$(inherited)",
					"@executable_path/Frameworks",
				);
				MARKETING_VERSION = 1.0;
				PRODUCT_BUNDLE_IDENTIFIER = "com.emil.Disney-Character-Explorer";
				PRODUCT_NAME = "$(TARGET_NAME)";
				SWIFT_EMIT_LOC_STRINGS = YES;
				SWIFT_VERSION = 5.0;
				TARGETED_DEVICE_FAMILY = "1,2";
			};
			name = Debug;
		};
		48AC52572BAB0EDE000C6566 /* Release */ = {
			isa = XCBuildConfiguration;
			buildSettings = {
				ASSETCATALOG_COMPILER_APPICON_NAME = AppIcon;
				ASSETCATALOG_COMPILER_GLOBAL_ACCENT_COLOR_NAME = AccentColor;
				CODE_SIGN_STYLE = Automatic;
				CURRENT_PROJECT_VERSION = 1;
				DEVELOPMENT_ASSET_PATHS = "\"Disney Character Explorer/Preview Content\"";
				DEVELOPMENT_TEAM = L28FYLS585;
				ENABLE_PREVIEWS = YES;
				GENERATE_INFOPLIST_FILE = YES;
				INFOPLIST_KEY_UIApplicationSceneManifest_Generation = YES;
				INFOPLIST_KEY_UIApplicationSupportsIndirectInputEvents = YES;
				INFOPLIST_KEY_UILaunchScreen_Generation = YES;
				INFOPLIST_KEY_UISupportedInterfaceOrientations_iPad = "UIInterfaceOrientationPortrait UIInterfaceOrientationPortraitUpsideDown UIInterfaceOrientationLandscapeLeft UIInterfaceOrientationLandscapeRight";
				INFOPLIST_KEY_UISupportedInterfaceOrientations_iPhone = "UIInterfaceOrientationPortrait UIInterfaceOrientationLandscapeLeft UIInterfaceOrientationLandscapeRight";
				LD_RUNPATH_SEARCH_PATHS = (
					"$(inherited)",
					"@executable_path/Frameworks",
				);
				MARKETING_VERSION = 1.0;
				PRODUCT_BUNDLE_IDENTIFIER = "com.emil.Disney-Character-Explorer";
				PRODUCT_NAME = "$(TARGET_NAME)";
				SWIFT_EMIT_LOC_STRINGS = YES;
				SWIFT_VERSION = 5.0;
				TARGETED_DEVICE_FAMILY = "1,2";
			};
			name = Release;
		};
		48AC52592BAB0EDE000C6566 /* Debug */ = {
			isa = XCBuildConfiguration;
			buildSettings = {
				ALWAYS_EMBED_SWIFT_STANDARD_LIBRARIES = YES;
				BUNDLE_LOADER = "$(TEST_HOST)";
				CODE_SIGN_STYLE = Automatic;
				CURRENT_PROJECT_VERSION = 1;
				DEVELOPMENT_TEAM = L28FYLS585;
				GENERATE_INFOPLIST_FILE = YES;
				IPHONEOS_DEPLOYMENT_TARGET = 17.2;
				MARKETING_VERSION = 1.0;
				PRODUCT_BUNDLE_IDENTIFIER = "com.emil.Disney-Character-ExplorerTests";
				PRODUCT_NAME = "$(TARGET_NAME)";
				SWIFT_EMIT_LOC_STRINGS = NO;
				SWIFT_VERSION = 5.0;
				TARGETED_DEVICE_FAMILY = "1,2";
				TEST_HOST = "$(BUILT_PRODUCTS_DIR)/Disney Character Explorer.app/$(BUNDLE_EXECUTABLE_FOLDER_PATH)/Disney Character Explorer";
			};
			name = Debug;
		};
		48AC525A2BAB0EDE000C6566 /* Release */ = {
			isa = XCBuildConfiguration;
			buildSettings = {
				ALWAYS_EMBED_SWIFT_STANDARD_LIBRARIES = YES;
				BUNDLE_LOADER = "$(TEST_HOST)";
				CODE_SIGN_STYLE = Automatic;
				CURRENT_PROJECT_VERSION = 1;
				DEVELOPMENT_TEAM = L28FYLS585;
				GENERATE_INFOPLIST_FILE = YES;
				IPHONEOS_DEPLOYMENT_TARGET = 17.2;
				MARKETING_VERSION = 1.0;
				PRODUCT_BUNDLE_IDENTIFIER = "com.emil.Disney-Character-ExplorerTests";
				PRODUCT_NAME = "$(TARGET_NAME)";
				SWIFT_EMIT_LOC_STRINGS = NO;
				SWIFT_VERSION = 5.0;
				TARGETED_DEVICE_FAMILY = "1,2";
				TEST_HOST = "$(BUILT_PRODUCTS_DIR)/Disney Character Explorer.app/$(BUNDLE_EXECUTABLE_FOLDER_PATH)/Disney Character Explorer";
			};
			name = Release;
		};
		48AC525C2BAB0EDE000C6566 /* Debug */ = {
			isa = XCBuildConfiguration;
			buildSettings = {
				ALWAYS_EMBED_SWIFT_STANDARD_LIBRARIES = YES;
				CODE_SIGN_STYLE = Automatic;
				CURRENT_PROJECT_VERSION = 1;
				DEVELOPMENT_TEAM = L28FYLS585;
				GENERATE_INFOPLIST_FILE = YES;
				MARKETING_VERSION = 1.0;
				PRODUCT_BUNDLE_IDENTIFIER = "com.emil.Disney-Character-ExplorerUITests";
				PRODUCT_NAME = "$(TARGET_NAME)";
				SWIFT_EMIT_LOC_STRINGS = NO;
				SWIFT_VERSION = 5.0;
				TARGETED_DEVICE_FAMILY = "1,2";
				TEST_TARGET_NAME = "Disney Character Explorer";
			};
			name = Debug;
		};
		48AC525D2BAB0EDE000C6566 /* Release */ = {
			isa = XCBuildConfiguration;
			buildSettings = {
				ALWAYS_EMBED_SWIFT_STANDARD_LIBRARIES = YES;
				CODE_SIGN_STYLE = Automatic;
				CURRENT_PROJECT_VERSION = 1;
				DEVELOPMENT_TEAM = L28FYLS585;
				GENERATE_INFOPLIST_FILE = YES;
				MARKETING_VERSION = 1.0;
				PRODUCT_BUNDLE_IDENTIFIER = "com.emil.Disney-Character-ExplorerUITests";
				PRODUCT_NAME = "$(TARGET_NAME)";
				SWIFT_EMIT_LOC_STRINGS = NO;
				SWIFT_VERSION = 5.0;
				TARGETED_DEVICE_FAMILY = "1,2";
				TEST_TARGET_NAME = "Disney Character Explorer";
			};
			name = Release;
		};
/* End XCBuildConfiguration section */

/* Begin XCConfigurationList section */
		48AC522C2BAB0ED9000C6566 /* Build configuration list for PBXProject "Disney Character Explorer" */ = {
			isa = XCConfigurationList;
			buildConfigurations = (
				48AC52532BAB0EDE000C6566 /* Debug */,
				48AC52542BAB0EDE000C6566 /* Release */,
			);
			defaultConfigurationIsVisible = 0;
			defaultConfigurationName = Release;
		};
		48AC52552BAB0EDE000C6566 /* Build configuration list for PBXNativeTarget "Disney Character Explorer" */ = {
			isa = XCConfigurationList;
			buildConfigurations = (
				48AC52562BAB0EDE000C6566 /* Debug */,
				48AC52572BAB0EDE000C6566 /* Release */,
			);
			defaultConfigurationIsVisible = 0;
			defaultConfigurationName = Release;
		};
		48AC52582BAB0EDE000C6566 /* Build configuration list for PBXNativeTarget "Disney Character ExplorerTests" */ = {
			isa = XCConfigurationList;
			buildConfigurations = (
				48AC52592BAB0EDE000C6566 /* Debug */,
				48AC525A2BAB0EDE000C6566 /* Release */,
			);
			defaultConfigurationIsVisible = 0;
			defaultConfigurationName = Release;
		};
		48AC525B2BAB0EDE000C6566 /* Build configuration list for PBXNativeTarget "Disney Character ExplorerUITests" */ = {
			isa = XCConfigurationList;
			buildConfigurations = (
				48AC525C2BAB0EDE000C6566 /* Debug */,
				48AC525D2BAB0EDE000C6566 /* Release */,
			);
			defaultConfigurationIsVisible = 0;
			defaultConfigurationName = Release;
		};
/* End XCConfigurationList section */
	};
	rootObject = 48AC52292BAB0ED9000C6566 /* Project object */;
}
